
Microsoft Visual Studio Solution File, Format Version 12.00
# Visual Studio 15
Project("{2150E333-8FDC-42A3-9474-1A3956D46DE8}") = "Test", "Test", "{C827DA2F-6AB4-48D8-AB5B-6DAB925F8933}"
EndProject
Project("{FAE04EC0-301F-11D3-BF4B-00C04F79EFBC}") = "Common", "Common\Common.csproj", "{758DE75D-37D7-4392-B564-9484348B505C}"
EndProject
Project("{FAE04EC0-301F-11D3-BF4B-00C04F79EFBC}") = "Storage", "Storage\Storage.csproj", "{4DCA6CCF-DBD2-4184-9A7E-8775A024D194}"
EndProject
Project("{FAE04EC0-301F-11D3-BF4B-00C04F79EFBC}") = "Storage.Test", "Test\Storage.Test\Storage.Test.csproj", "{531F8181-FFE0-476E-9D0A-93F13CAD1183}"
EndProject
Project("{FAE04EC0-301F-11D3-BF4B-00C04F79EFBC}") = "Realtime", "Realtime\Realtime.csproj", "{7084C9BD-6D26-4803-9E7F-A6D2E55D963A}"
EndProject
Project("{FAE04EC0-301F-11D3-BF4B-00C04F79EFBC}") = "Realtime.Test", "Test\Realtime.Test\Realtime.Test.csproj", "{746B0DE6-C504-4568-BA6D-4A08A91A5E35}"
EndProject
Project("{FAE04EC0-301F-11D3-BF4B-00C04F79EFBC}") = "RealtimeApp", "Test\RealtimeApp\RealtimeApp.csproj", "{4CB5E8C3-B1FC-45C3-B882-A9A43DFC6B1C}"
EndProject
Global
	GlobalSection(SolutionConfigurationPlatforms) = preSolution
		Debug|Any CPU = Debug|Any CPU
		Release|Any CPU = Release|Any CPU
	EndGlobalSection
	GlobalSection(ProjectConfigurationPlatforms) = postSolution
		{758DE75D-37D7-4392-B564-9484348B505C}.Debug|Any CPU.ActiveCfg = Debug|Any CPU
		{758DE75D-37D7-4392-B564-9484348B505C}.Debug|Any CPU.Build.0 = Debug|Any CPU
		{758DE75D-37D7-4392-B564-9484348B505C}.Release|Any CPU.ActiveCfg = Release|Any CPU
		{758DE75D-37D7-4392-B564-9484348B505C}.Release|Any CPU.Build.0 = Release|Any CPU
		{4DCA6CCF-DBD2-4184-9A7E-8775A024D194}.Debug|Any CPU.ActiveCfg = Debug|Any CPU
		{4DCA6CCF-DBD2-4184-9A7E-8775A024D194}.Debug|Any CPU.Build.0 = Debug|Any CPU
		{4DCA6CCF-DBD2-4184-9A7E-8775A024D194}.Release|Any CPU.ActiveCfg = Release|Any CPU
		{4DCA6CCF-DBD2-4184-9A7E-8775A024D194}.Release|Any CPU.Build.0 = Release|Any CPU
		{531F8181-FFE0-476E-9D0A-93F13CAD1183}.Debug|Any CPU.ActiveCfg = Debug|Any CPU
		{531F8181-FFE0-476E-9D0A-93F13CAD1183}.Debug|Any CPU.Build.0 = Debug|Any CPU
		{531F8181-FFE0-476E-9D0A-93F13CAD1183}.Release|Any CPU.ActiveCfg = Release|Any CPU
		{531F8181-FFE0-476E-9D0A-93F13CAD1183}.Release|Any CPU.Build.0 = Release|Any CPU
		{7084C9BD-6D26-4803-9E7F-A6D2E55D963A}.Debug|Any CPU.ActiveCfg = Debug|Any CPU
		{7084C9BD-6D26-4803-9E7F-A6D2E55D963A}.Debug|Any CPU.Build.0 = Debug|Any CPU
		{7084C9BD-6D26-4803-9E7F-A6D2E55D963A}.Release|Any CPU.ActiveCfg = Release|Any CPU
		{7084C9BD-6D26-4803-9E7F-A6D2E55D963A}.Release|Any CPU.Build.0 = Release|Any CPU
		{746B0DE6-C504-4568-BA6D-4A08A91A5E35}.Debug|Any CPU.ActiveCfg = Debug|Any CPU
		{746B0DE6-C504-4568-BA6D-4A08A91A5E35}.Debug|Any CPU.Build.0 = Debug|Any CPU
		{746B0DE6-C504-4568-BA6D-4A08A91A5E35}.Release|Any CPU.ActiveCfg = Release|Any CPU
		{746B0DE6-C504-4568-BA6D-4A08A91A5E35}.Release|Any CPU.Build.0 = Release|Any CPU
		{4CB5E8C3-B1FC-45C3-B882-A9A43DFC6B1C}.Debug|Any CPU.ActiveCfg = Debug|Any CPU
		{4CB5E8C3-B1FC-45C3-B882-A9A43DFC6B1C}.Debug|Any CPU.Build.0 = Debug|Any CPU
		{4CB5E8C3-B1FC-45C3-B882-A9A43DFC6B1C}.Release|Any CPU.ActiveCfg = Release|Any CPU
		{4CB5E8C3-B1FC-45C3-B882-A9A43DFC6B1C}.Release|Any CPU.Build.0 = Release|Any CPU
	EndGlobalSection
	GlobalSection(NestedProjects) = preSolution
		{531F8181-FFE0-476E-9D0A-93F13CAD1183} = {C827DA2F-6AB4-48D8-AB5B-6DAB925F8933}
		{746B0DE6-C504-4568-BA6D-4A08A91A5E35} = {C827DA2F-6AB4-48D8-AB5B-6DAB925F8933}
		{4CB5E8C3-B1FC-45C3-B882-A9A43DFC6B1C} = {C827DA2F-6AB4-48D8-AB5B-6DAB925F8933}
	EndGlobalSection
	GlobalSection(MonoDevelopProperties) = preSolution
		version = 0.1.0
	EndGlobalSection
EndGlobal
