
Microsoft Visual Studio Solution File, Format Version 12.00
# Visual Studio 15
Project("{2150E333-8FDC-42A3-9474-1A3956D46DE8}") = "Storage", "Storage", "{076871D0-BE1F-4AF0-B83E-697C71C0C3B3}"
EndProject
Project("{2150E333-8FDC-42A3-9474-1A3956D46DE8}") = "Common", "Common", "{375B854F-C239-4503-868A-7F04C40582E5}"
EndProject
Project("{2150E333-8FDC-42A3-9474-1A3956D46DE8}") = "Realtime", "Realtime", "{319A9989-3B69-4AD0-9E43-F6D31C1D2A4A}"
EndProject
Project("{2150E333-8FDC-42A3-9474-1A3956D46DE8}") = "Sample", "Sample", "{2D980281-F060-4363-AB7A-D4B6C30ADDBB}"
EndProject
Project("{FAE04EC0-301F-11D3-BF4B-00C04F79EFBC}") = "Storage", "Storage\Storage\Storage.csproj", "{4194FE34-327C-42C2-971F-6B07904E20A5}"
EndProject
Project("{FAE04EC0-301F-11D3-BF4B-00C04F79EFBC}") = "Common", "Common\Common\Common.csproj", "{4FF29D41-36AA-4D1A-BE4E-196A697B788D}"
EndProject
Project("{FAE04EC0-301F-11D3-BF4B-00C04F79EFBC}") = "Realtime.Test", "Realtime\Realtime.Test\Realtime.Test.csproj", "{882A9419-CC5E-4CFB-B076-7561989B0A4A}"
EndProject
Project("{FAE04EC0-301F-11D3-BF4B-00C04F79EFBC}") = "Realtime", "Realtime\Realtime\Realtime.csproj", "{75A3A4EC-93B8-40C9-AE04-DF14A72525CC}"
EndProject
Project("{FAE04EC0-301F-11D3-BF4B-00C04F79EFBC}") = "RealtimeApp", "Sample\RealtimeApp\RealtimeApp.csproj", "{A716EFC7-9220-4A9A-9F73-B816A0787F77}"
EndProject
Project("{2150E333-8FDC-42A3-9474-1A3956D46DE8}") = "LiveQuery", "LiveQuery", "{A1A24E0F-6901-4A9A-9BB8-4F586BC7EE17}"
EndProject
Project("{FAE04EC0-301F-11D3-BF4B-00C04F79EFBC}") = "LiveQuery", "LiveQuery\LiveQuery\LiveQuery.csproj", "{02D23AC7-FBF7-49ED-994F-C1D0D3C3ABFE}"
EndProject
Project("{FAE04EC0-301F-11D3-BF4B-00C04F79EFBC}") = "LiveQuery.Test", "LiveQuery\LiveQuery.Test\LiveQuery.Test.csproj", "{0F61B6D7-4948-4D98-B6CC-41CF33B55669}"
EndProject
Project("{FAE04EC0-301F-11D3-BF4B-00C04F79EFBC}") = "LiveQueryApp", "Sample\LiveQueryApp\LiveQueryApp.csproj", "{9D5E6A37-8925-48ED-B7EA-12C89291B59D}"
EndProject
Project("{2150E333-8FDC-42A3-9474-1A3956D46DE8}") = "Engine", "Engine", "{8087ABCD-629C-4EE5-9ECE-8BDAE631236F}"
EndProject
Project("{FAE04EC0-301F-11D3-BF4B-00C04F79EFBC}") = "Engine", "Engine\Engine.csproj", "{0A6AEBC9-9A36-4EA7-8F58-8B951126092D}"
EndProject
Project("{2150E333-8FDC-42A3-9474-1A3956D46DE8}") = "Libs", "Libs", "{3B53EFFB-6962-4EED-88FD-F9D6E9650A2D}"
EndProject
Project("{FAE04EC0-301F-11D3-BF4B-00C04F79EFBC}") = "Storage.Test", "Storage\Storage.Test\Storage.Test.csproj", "{07B8BAE6-CA9A-48B0-9881-F63F1F5DCE70}"
EndProject
Project("{FAE04EC0-301F-11D3-BF4B-00C04F79EFBC}") = "Common.AOT", "Common\Common.AOT\Common.AOT.csproj", "{BF90B92D-84D1-47DD-99D4-91C33A229FF9}"
EndProject
Project("{FAE04EC0-301F-11D3-BF4B-00C04F79EFBC}") = "LiveQuery.AOT", "LiveQuery\LiveQuery.AOT\LiveQuery.AOT.csproj", "{5BE8789B-56C6-444F-87BF-F9447EE1E128}"
EndProject
Project("{FAE04EC0-301F-11D3-BF4B-00C04F79EFBC}") = "Storage.AOT", "Storage\Storage.AOT\Storage.AOT.csproj", "{6695E495-CAF9-4CDB-9CB8-8CC867771CA1}"
EndProject
Project("{FAE04EC0-301F-11D3-BF4B-00C04F79EFBC}") = "Realtime.AOT", "Realtime\Realtime.AOT\Realtime.AOT.csproj", "{C68C9392-5100-4614-B238-103905C12566}"
EndProject
Project("{FAE04EC0-301F-11D3-BF4B-00C04F79EFBC}") = "Storage.Unity", "Storage\Storage.Unity\Storage.Unity.csproj", "{BEBBDE63-D215-4790-BA98-FC612EFC383C}"
EndProject
Project("{FAE04EC0-301F-11D3-BF4B-00C04F79EFBC}") = "LC.Newtonsoft.Json", "Libs\Newtonsoft.Json\LC.Newtonsoft.Json.csproj", "{577FD4B4-FE9C-4FF8-9D3D-C42F22C3A9EF}"
EndProject
Project("{FAE04EC0-301F-11D3-BF4B-00C04F79EFBC}") = "LC.Newtonsoft.Json.AOT", "Libs\Newtonsoft.Json.AOT\LC.Newtonsoft.Json.AOT.csproj", "{48FB2373-D0E5-45CA-A227-280DEAE4486F}"
EndProject
Project("{FAE04EC0-301F-11D3-BF4B-00C04F79EFBC}") = "Storage.Standard", "Storage\Storage.Standard\Storage.Standard.csproj", "{6FD7F9B7-CF80-49C9-972B-A416C9F7E335}"
EndProject
Project("{FAE04EC0-301F-11D3-BF4B-00C04F79EFBC}") = "LC.Google.Protobuf", "Libs\Google.Protobuf\LC.Google.Protobuf.csproj", "{32CA12B3-9F65-4EE5-ADDB-D91B2665514C}"
EndProject
Global
	GlobalSection(SolutionConfigurationPlatforms) = preSolution
		Debug|Any CPU = Debug|Any CPU
		Release|Any CPU = Release|Any CPU
	EndGlobalSection
	GlobalSection(ProjectConfigurationPlatforms) = postSolution
		{4194FE34-327C-42C2-971F-6B07904E20A5}.Debug|Any CPU.ActiveCfg = Debug|Any CPU
		{4194FE34-327C-42C2-971F-6B07904E20A5}.Debug|Any CPU.Build.0 = Debug|Any CPU
		{4194FE34-327C-42C2-971F-6B07904E20A5}.Release|Any CPU.ActiveCfg = Release|Any CPU
		{4194FE34-327C-42C2-971F-6B07904E20A5}.Release|Any CPU.Build.0 = Release|Any CPU
		{4FF29D41-36AA-4D1A-BE4E-196A697B788D}.Debug|Any CPU.ActiveCfg = Debug|Any CPU
		{4FF29D41-36AA-4D1A-BE4E-196A697B788D}.Debug|Any CPU.Build.0 = Debug|Any CPU
		{4FF29D41-36AA-4D1A-BE4E-196A697B788D}.Release|Any CPU.ActiveCfg = Release|Any CPU
		{4FF29D41-36AA-4D1A-BE4E-196A697B788D}.Release|Any CPU.Build.0 = Release|Any CPU
		{882A9419-CC5E-4CFB-B076-7561989B0A4A}.Debug|Any CPU.ActiveCfg = Debug|Any CPU
		{882A9419-CC5E-4CFB-B076-7561989B0A4A}.Debug|Any CPU.Build.0 = Debug|Any CPU
		{882A9419-CC5E-4CFB-B076-7561989B0A4A}.Release|Any CPU.ActiveCfg = Release|Any CPU
		{882A9419-CC5E-4CFB-B076-7561989B0A4A}.Release|Any CPU.Build.0 = Release|Any CPU
		{75A3A4EC-93B8-40C9-AE04-DF14A72525CC}.Debug|Any CPU.ActiveCfg = Debug|Any CPU
		{75A3A4EC-93B8-40C9-AE04-DF14A72525CC}.Debug|Any CPU.Build.0 = Debug|Any CPU
		{75A3A4EC-93B8-40C9-AE04-DF14A72525CC}.Release|Any CPU.ActiveCfg = Release|Any CPU
		{75A3A4EC-93B8-40C9-AE04-DF14A72525CC}.Release|Any CPU.Build.0 = Release|Any CPU
		{A716EFC7-9220-4A9A-9F73-B816A0787F77}.Debug|Any CPU.ActiveCfg = Debug|Any CPU
		{A716EFC7-9220-4A9A-9F73-B816A0787F77}.Debug|Any CPU.Build.0 = Debug|Any CPU
		{A716EFC7-9220-4A9A-9F73-B816A0787F77}.Release|Any CPU.ActiveCfg = Release|Any CPU
		{A716EFC7-9220-4A9A-9F73-B816A0787F77}.Release|Any CPU.Build.0 = Release|Any CPU
		{02D23AC7-FBF7-49ED-994F-C1D0D3C3ABFE}.Debug|Any CPU.ActiveCfg = Debug|Any CPU
		{02D23AC7-FBF7-49ED-994F-C1D0D3C3ABFE}.Debug|Any CPU.Build.0 = Debug|Any CPU
		{02D23AC7-FBF7-49ED-994F-C1D0D3C3ABFE}.Release|Any CPU.ActiveCfg = Release|Any CPU
		{02D23AC7-FBF7-49ED-994F-C1D0D3C3ABFE}.Release|Any CPU.Build.0 = Release|Any CPU
		{0F61B6D7-4948-4D98-B6CC-41CF33B55669}.Debug|Any CPU.ActiveCfg = Debug|Any CPU
		{0F61B6D7-4948-4D98-B6CC-41CF33B55669}.Debug|Any CPU.Build.0 = Debug|Any CPU
		{0F61B6D7-4948-4D98-B6CC-41CF33B55669}.Release|Any CPU.ActiveCfg = Release|Any CPU
		{0F61B6D7-4948-4D98-B6CC-41CF33B55669}.Release|Any CPU.Build.0 = Release|Any CPU
		{9D5E6A37-8925-48ED-B7EA-12C89291B59D}.Debug|Any CPU.ActiveCfg = Debug|Any CPU
		{9D5E6A37-8925-48ED-B7EA-12C89291B59D}.Debug|Any CPU.Build.0 = Debug|Any CPU
		{9D5E6A37-8925-48ED-B7EA-12C89291B59D}.Release|Any CPU.ActiveCfg = Release|Any CPU
		{9D5E6A37-8925-48ED-B7EA-12C89291B59D}.Release|Any CPU.Build.0 = Release|Any CPU
		{0A6AEBC9-9A36-4EA7-8F58-8B951126092D}.Debug|Any CPU.ActiveCfg = Debug|Any CPU
		{0A6AEBC9-9A36-4EA7-8F58-8B951126092D}.Debug|Any CPU.Build.0 = Debug|Any CPU
		{0A6AEBC9-9A36-4EA7-8F58-8B951126092D}.Release|Any CPU.ActiveCfg = Release|Any CPU
		{0A6AEBC9-9A36-4EA7-8F58-8B951126092D}.Release|Any CPU.Build.0 = Release|Any CPU
		{07B8BAE6-CA9A-48B0-9881-F63F1F5DCE70}.Debug|Any CPU.ActiveCfg = Debug|Any CPU
		{07B8BAE6-CA9A-48B0-9881-F63F1F5DCE70}.Debug|Any CPU.Build.0 = Debug|Any CPU
		{07B8BAE6-CA9A-48B0-9881-F63F1F5DCE70}.Release|Any CPU.ActiveCfg = Release|Any CPU
		{07B8BAE6-CA9A-48B0-9881-F63F1F5DCE70}.Release|Any CPU.Build.0 = Release|Any CPU
		{BF90B92D-84D1-47DD-99D4-91C33A229FF9}.Debug|Any CPU.ActiveCfg = Debug|Any CPU
		{BF90B92D-84D1-47DD-99D4-91C33A229FF9}.Debug|Any CPU.Build.0 = Debug|Any CPU
		{BF90B92D-84D1-47DD-99D4-91C33A229FF9}.Release|Any CPU.ActiveCfg = Release|Any CPU
		{BF90B92D-84D1-47DD-99D4-91C33A229FF9}.Release|Any CPU.Build.0 = Release|Any CPU
		{5BE8789B-56C6-444F-87BF-F9447EE1E128}.Debug|Any CPU.ActiveCfg = Debug|Any CPU
		{5BE8789B-56C6-444F-87BF-F9447EE1E128}.Debug|Any CPU.Build.0 = Debug|Any CPU
		{5BE8789B-56C6-444F-87BF-F9447EE1E128}.Release|Any CPU.ActiveCfg = Release|Any CPU
		{5BE8789B-56C6-444F-87BF-F9447EE1E128}.Release|Any CPU.Build.0 = Release|Any CPU
		{6695E495-CAF9-4CDB-9CB8-8CC867771CA1}.Debug|Any CPU.ActiveCfg = Debug|Any CPU
		{6695E495-CAF9-4CDB-9CB8-8CC867771CA1}.Debug|Any CPU.Build.0 = Debug|Any CPU
		{6695E495-CAF9-4CDB-9CB8-8CC867771CA1}.Release|Any CPU.ActiveCfg = Release|Any CPU
		{6695E495-CAF9-4CDB-9CB8-8CC867771CA1}.Release|Any CPU.Build.0 = Release|Any CPU
		{C68C9392-5100-4614-B238-103905C12566}.Debug|Any CPU.ActiveCfg = Debug|Any CPU
		{C68C9392-5100-4614-B238-103905C12566}.Debug|Any CPU.Build.0 = Debug|Any CPU
		{C68C9392-5100-4614-B238-103905C12566}.Release|Any CPU.ActiveCfg = Release|Any CPU
		{C68C9392-5100-4614-B238-103905C12566}.Release|Any CPU.Build.0 = Release|Any CPU
		{BEBBDE63-D215-4790-BA98-FC612EFC383C}.Debug|Any CPU.ActiveCfg = Debug|Any CPU
		{BEBBDE63-D215-4790-BA98-FC612EFC383C}.Debug|Any CPU.Build.0 = Debug|Any CPU
		{BEBBDE63-D215-4790-BA98-FC612EFC383C}.Release|Any CPU.ActiveCfg = Release|Any CPU
		{BEBBDE63-D215-4790-BA98-FC612EFC383C}.Release|Any CPU.Build.0 = Release|Any CPU
		{577FD4B4-FE9C-4FF8-9D3D-C42F22C3A9EF}.Debug|Any CPU.ActiveCfg = Debug|Any CPU
		{577FD4B4-FE9C-4FF8-9D3D-C42F22C3A9EF}.Debug|Any CPU.Build.0 = Debug|Any CPU
		{577FD4B4-FE9C-4FF8-9D3D-C42F22C3A9EF}.Release|Any CPU.ActiveCfg = Release|Any CPU
		{577FD4B4-FE9C-4FF8-9D3D-C42F22C3A9EF}.Release|Any CPU.Build.0 = Release|Any CPU
		{48FB2373-D0E5-45CA-A227-280DEAE4486F}.Debug|Any CPU.ActiveCfg = Debug|Any CPU
		{48FB2373-D0E5-45CA-A227-280DEAE4486F}.Debug|Any CPU.Build.0 = Debug|Any CPU
		{48FB2373-D0E5-45CA-A227-280DEAE4486F}.Release|Any CPU.ActiveCfg = Release|Any CPU
		{48FB2373-D0E5-45CA-A227-280DEAE4486F}.Release|Any CPU.Build.0 = Release|Any CPU
		{6FD7F9B7-CF80-49C9-972B-A416C9F7E335}.Debug|Any CPU.ActiveCfg = Debug|Any CPU
		{6FD7F9B7-CF80-49C9-972B-A416C9F7E335}.Debug|Any CPU.Build.0 = Debug|Any CPU
		{6FD7F9B7-CF80-49C9-972B-A416C9F7E335}.Release|Any CPU.ActiveCfg = Release|Any CPU
		{6FD7F9B7-CF80-49C9-972B-A416C9F7E335}.Release|Any CPU.Build.0 = Release|Any CPU
		{32CA12B3-9F65-4EE5-ADDB-D91B2665514C}.Debug|Any CPU.ActiveCfg = Debug|Any CPU
		{32CA12B3-9F65-4EE5-ADDB-D91B2665514C}.Debug|Any CPU.Build.0 = Debug|Any CPU
		{32CA12B3-9F65-4EE5-ADDB-D91B2665514C}.Release|Any CPU.ActiveCfg = Release|Any CPU
		{32CA12B3-9F65-4EE5-ADDB-D91B2665514C}.Release|Any CPU.Build.0 = Release|Any CPU
	EndGlobalSection
	GlobalSection(NestedProjects) = preSolution
		{4194FE34-327C-42C2-971F-6B07904E20A5} = {076871D0-BE1F-4AF0-B83E-697C71C0C3B3}
		{4FF29D41-36AA-4D1A-BE4E-196A697B788D} = {375B854F-C239-4503-868A-7F04C40582E5}
		{882A9419-CC5E-4CFB-B076-7561989B0A4A} = {319A9989-3B69-4AD0-9E43-F6D31C1D2A4A}
		{75A3A4EC-93B8-40C9-AE04-DF14A72525CC} = {319A9989-3B69-4AD0-9E43-F6D31C1D2A4A}
		{A716EFC7-9220-4A9A-9F73-B816A0787F77} = {2D980281-F060-4363-AB7A-D4B6C30ADDBB}
		{02D23AC7-FBF7-49ED-994F-C1D0D3C3ABFE} = {A1A24E0F-6901-4A9A-9BB8-4F586BC7EE17}
		{0F61B6D7-4948-4D98-B6CC-41CF33B55669} = {A1A24E0F-6901-4A9A-9BB8-4F586BC7EE17}
		{9D5E6A37-8925-48ED-B7EA-12C89291B59D} = {2D980281-F060-4363-AB7A-D4B6C30ADDBB}
		{0A6AEBC9-9A36-4EA7-8F58-8B951126092D} = {8087ABCD-629C-4EE5-9ECE-8BDAE631236F}
		{07B8BAE6-CA9A-48B0-9881-F63F1F5DCE70} = {076871D0-BE1F-4AF0-B83E-697C71C0C3B3}
		{BF90B92D-84D1-47DD-99D4-91C33A229FF9} = {375B854F-C239-4503-868A-7F04C40582E5}
		{5BE8789B-56C6-444F-87BF-F9447EE1E128} = {A1A24E0F-6901-4A9A-9BB8-4F586BC7EE17}
		{6695E495-CAF9-4CDB-9CB8-8CC867771CA1} = {076871D0-BE1F-4AF0-B83E-697C71C0C3B3}
		{C68C9392-5100-4614-B238-103905C12566} = {319A9989-3B69-4AD0-9E43-F6D31C1D2A4A}
		{BEBBDE63-D215-4790-BA98-FC612EFC383C} = {076871D0-BE1F-4AF0-B83E-697C71C0C3B3}
		{577FD4B4-FE9C-4FF8-9D3D-C42F22C3A9EF} = {3B53EFFB-6962-4EED-88FD-F9D6E9650A2D}
		{48FB2373-D0E5-45CA-A227-280DEAE4486F} = {3B53EFFB-6962-4EED-88FD-F9D6E9650A2D}
		{6FD7F9B7-CF80-49C9-972B-A416C9F7E335} = {076871D0-BE1F-4AF0-B83E-697C71C0C3B3}
		{32CA12B3-9F65-4EE5-ADDB-D91B2665514C} = {3B53EFFB-6962-4EED-88FD-F9D6E9650A2D}
	EndGlobalSection
	GlobalSection(MonoDevelopProperties) = preSolution
		version = 0.10.15
	EndGlobalSection
EndGlobal
