
Microsoft Visual Studio Solution File, Format Version 12.00
# Visual Studio 15
Project("{FAE04EC0-301F-11D3-BF4B-00C04F79EFBC}") = "Common", "Common\Common\Common.csproj", "{758DE75D-37D7-4392-B564-9484348B505C}"
EndProject
Project("{FAE04EC0-301F-11D3-BF4B-00C04F79EFBC}") = "Storage", "Storage\Storage\Storage.csproj", "{4DCA6CCF-DBD2-4184-9A7E-8775A024D194}"
EndProject
Project("{FAE04EC0-301F-11D3-BF4B-00C04F79EFBC}") = "Storage.Test", "Storage\Storage.Test\Storage.Test.csproj", "{531F8181-FFE0-476E-9D0A-93F13CAD1183}"
EndProject
Project("{FAE04EC0-301F-11D3-BF4B-00C04F79EFBC}") = "Realtime.Test", "Realtime\Realtime.Test\Realtime.Test.csproj", "{746B0DE6-C504-4568-BA6D-4A08A91A5E35}"
EndProject
Project("{FAE04EC0-301F-11D3-BF4B-00C04F79EFBC}") = "Realtime", "Realtime\Realtime\Realtime.csproj", "{7021826F-657F-40E2-AFBB-9F379FED7BEF}"
EndProject
Project("{2150E333-8FDC-42A3-9474-1A3956D46DE8}") = "Storage", "Storage", "{076871D0-BE1F-4AF0-B83E-697C71C0C3B3}"
EndProject
Project("{FAE04EC0-301F-11D3-BF4B-00C04F79EFBC}") = "Storage-Unity", "Storage\Storage-Unity\Storage-Unity.csproj", "{7819C2DC-2751-46BC-B72F-D68647B3069E}"
EndProject
Project("{2150E333-8FDC-42A3-9474-1A3956D46DE8}") = "Common", "Common", "{375B854F-C239-4503-868A-7F04C40582E5}"
EndProject
Project("{FAE04EC0-301F-11D3-BF4B-00C04F79EFBC}") = "Common-Unity", "Common\Common-Unity\Common-Unity.csproj", "{B43498B3-1697-47E2-AFBC-42FCA2D46F40}"
EndProject
Project("{2150E333-8FDC-42A3-9474-1A3956D46DE8}") = "Realtime", "Realtime", "{319A9989-3B69-4AD0-9E43-F6D31C1D2A4A}"
EndProject
Project("{FAE04EC0-301F-11D3-BF4B-00C04F79EFBC}") = "Realtime-Unity", "Realtime\Realtime-Unity\Realtime-Unity.csproj", "{26CDAE2A-6D79-4981-8D80-3EA34FDFB134}"
EndProject
Project("{2150E333-8FDC-42A3-9474-1A3956D46DE8}") = "Sample", "Sample", "{2D980281-F060-4363-AB7A-D4B6C30ADDBB}"
EndProject
Project("{9344BDBB-3E7F-41FC-A0DD-8665D75EE146}") = "RealtimeApp", "Sample\RealtimeApp\RealtimeApp.csproj", "{B01D2258-2E2B-4970-A9FE-C73BDAF0A990}"
EndProject
Global
	GlobalSection(SolutionConfigurationPlatforms) = preSolution
		Debug|Any CPU = Debug|Any CPU
		Release|Any CPU = Release|Any CPU
	EndGlobalSection
	GlobalSection(ProjectConfigurationPlatforms) = postSolution
		{758DE75D-37D7-4392-B564-9484348B505C}.Debug|Any CPU.ActiveCfg = Debug|Any CPU
		{758DE75D-37D7-4392-B564-9484348B505C}.Debug|Any CPU.Build.0 = Debug|Any CPU
		{758DE75D-37D7-4392-B564-9484348B505C}.Release|Any CPU.ActiveCfg = Release|Any CPU
		{758DE75D-37D7-4392-B564-9484348B505C}.Release|Any CPU.Build.0 = Release|Any CPU
		{4DCA6CCF-DBD2-4184-9A7E-8775A024D194}.Debug|Any CPU.ActiveCfg = Debug|Any CPU
		{4DCA6CCF-DBD2-4184-9A7E-8775A024D194}.Debug|Any CPU.Build.0 = Debug|Any CPU
		{4DCA6CCF-DBD2-4184-9A7E-8775A024D194}.Release|Any CPU.ActiveCfg = Release|Any CPU
		{4DCA6CCF-DBD2-4184-9A7E-8775A024D194}.Release|Any CPU.Build.0 = Release|Any CPU
		{531F8181-FFE0-476E-9D0A-93F13CAD1183}.Debug|Any CPU.ActiveCfg = Debug|Any CPU
		{531F8181-FFE0-476E-9D0A-93F13CAD1183}.Debug|Any CPU.Build.0 = Debug|Any CPU
		{531F8181-FFE0-476E-9D0A-93F13CAD1183}.Release|Any CPU.ActiveCfg = Release|Any CPU
		{531F8181-FFE0-476E-9D0A-93F13CAD1183}.Release|Any CPU.Build.0 = Release|Any CPU
		{746B0DE6-C504-4568-BA6D-4A08A91A5E35}.Debug|Any CPU.ActiveCfg = Debug|Any CPU
		{746B0DE6-C504-4568-BA6D-4A08A91A5E35}.Debug|Any CPU.Build.0 = Debug|Any CPU
		{746B0DE6-C504-4568-BA6D-4A08A91A5E35}.Release|Any CPU.ActiveCfg = Release|Any CPU
		{746B0DE6-C504-4568-BA6D-4A08A91A5E35}.Release|Any CPU.Build.0 = Release|Any CPU
		{7021826F-657F-40E2-AFBB-9F379FED7BEF}.Debug|Any CPU.ActiveCfg = Debug|Any CPU
		{7021826F-657F-40E2-AFBB-9F379FED7BEF}.Debug|Any CPU.Build.0 = Debug|Any CPU
		{7021826F-657F-40E2-AFBB-9F379FED7BEF}.Release|Any CPU.ActiveCfg = Release|Any CPU
		{7021826F-657F-40E2-AFBB-9F379FED7BEF}.Release|Any CPU.Build.0 = Release|Any CPU
		{7819C2DC-2751-46BC-B72F-D68647B3069E}.Debug|Any CPU.ActiveCfg = Debug|Any CPU
		{7819C2DC-2751-46BC-B72F-D68647B3069E}.Debug|Any CPU.Build.0 = Debug|Any CPU
		{7819C2DC-2751-46BC-B72F-D68647B3069E}.Release|Any CPU.ActiveCfg = Release|Any CPU
		{7819C2DC-2751-46BC-B72F-D68647B3069E}.Release|Any CPU.Build.0 = Release|Any CPU
		{B43498B3-1697-47E2-AFBC-42FCA2D46F40}.Debug|Any CPU.ActiveCfg = Debug|Any CPU
		{B43498B3-1697-47E2-AFBC-42FCA2D46F40}.Debug|Any CPU.Build.0 = Debug|Any CPU
		{B43498B3-1697-47E2-AFBC-42FCA2D46F40}.Release|Any CPU.ActiveCfg = Release|Any CPU
		{B43498B3-1697-47E2-AFBC-42FCA2D46F40}.Release|Any CPU.Build.0 = Release|Any CPU
		{26CDAE2A-6D79-4981-8D80-3EA34FDFB134}.Debug|Any CPU.ActiveCfg = Debug|Any CPU
		{26CDAE2A-6D79-4981-8D80-3EA34FDFB134}.Debug|Any CPU.Build.0 = Debug|Any CPU
		{26CDAE2A-6D79-4981-8D80-3EA34FDFB134}.Release|Any CPU.ActiveCfg = Release|Any CPU
		{26CDAE2A-6D79-4981-8D80-3EA34FDFB134}.Release|Any CPU.Build.0 = Release|Any CPU
		{B01D2258-2E2B-4970-A9FE-C73BDAF0A990}.Debug|Any CPU.ActiveCfg = Debug|Any CPU
		{B01D2258-2E2B-4970-A9FE-C73BDAF0A990}.Debug|Any CPU.Build.0 = Debug|Any CPU
		{B01D2258-2E2B-4970-A9FE-C73BDAF0A990}.Release|Any CPU.ActiveCfg = Release|Any CPU
		{B01D2258-2E2B-4970-A9FE-C73BDAF0A990}.Release|Any CPU.Build.0 = Release|Any CPU
	EndGlobalSection
	GlobalSection(NestedProjects) = preSolution
		{531F8181-FFE0-476E-9D0A-93F13CAD1183} = {076871D0-BE1F-4AF0-B83E-697C71C0C3B3}
		{746B0DE6-C504-4568-BA6D-4A08A91A5E35} = {319A9989-3B69-4AD0-9E43-F6D31C1D2A4A}
		{4DCA6CCF-DBD2-4184-9A7E-8775A024D194} = {076871D0-BE1F-4AF0-B83E-697C71C0C3B3}
		{7819C2DC-2751-46BC-B72F-D68647B3069E} = {076871D0-BE1F-4AF0-B83E-697C71C0C3B3}
		{758DE75D-37D7-4392-B564-9484348B505C} = {375B854F-C239-4503-868A-7F04C40582E5}
		{B43498B3-1697-47E2-AFBC-42FCA2D46F40} = {375B854F-C239-4503-868A-7F04C40582E5}
		{7021826F-657F-40E2-AFBB-9F379FED7BEF} = {319A9989-3B69-4AD0-9E43-F6D31C1D2A4A}
		{26CDAE2A-6D79-4981-8D80-3EA34FDFB134} = {319A9989-3B69-4AD0-9E43-F6D31C1D2A4A}
		{B01D2258-2E2B-4970-A9FE-C73BDAF0A990} = {2D980281-F060-4363-AB7A-D4B6C30ADDBB}
	EndGlobalSection
	GlobalSection(MonoDevelopProperties) = preSolution
		version = 0.1.0
	EndGlobalSection
EndGlobal
