
Microsoft Visual Studio Solution File, Format Version 12.00
# Visual Studio 15
Project("{FAE04EC0-301F-11D3-BF4B-00C04F79EFBC}") = "Assembly-CSharp", "Assembly-CSharp.csproj", "{F6B3B688-20F1-76BC-F88D-CA04ADF8D3FF}"
EndProject
Project("{FAE04EC0-301F-11D3-BF4B-00C04F79EFBC}") = "Assembly-CSharp-Editor", "Assembly-CSharp-Editor.csproj", "{1753762F-8C4C-9522-CC7C-DD98E85BA4CA}"
EndProject
Global
	GlobalSection(SolutionConfigurationPlatforms) = preSolution
		Debug|Any CPU = Debug|Any CPU
		Release|Any CPU = Release|Any CPU
	EndGlobalSection
	GlobalSection(ProjectConfigurationPlatforms) = postSolution
		{F6B3B688-20F1-76BC-F88D-CA04ADF8D3FF}.Debug|Any CPU.ActiveCfg = Debug|Any CPU
		{F6B3B688-20F1-76BC-F88D-CA04ADF8D3FF}.Debug|Any CPU.Build.0 = Debug|Any CPU
		{F6B3B688-20F1-76BC-F88D-CA04ADF8D3FF}.Release|Any CPU.ActiveCfg = Release|Any CPU
		{F6B3B688-20F1-76BC-F88D-CA04ADF8D3FF}.Release|Any CPU.Build.0 = Release|Any CPU
		{1753762F-8C4C-9522-CC7C-DD98E85BA4CA}.Debug|Any CPU.ActiveCfg = Debug|Any CPU
		{1753762F-8C4C-9522-CC7C-DD98E85BA4CA}.Debug|Any CPU.Build.0 = Debug|Any CPU
		{1753762F-8C4C-9522-CC7C-DD98E85BA4CA}.Release|Any CPU.ActiveCfg = Release|Any CPU
		{1753762F-8C4C-9522-CC7C-DD98E85BA4CA}.Release|Any CPU.Build.0 = Release|Any CPU
	EndGlobalSection
	GlobalSection(SolutionProperties) = preSolution
		HideSolutionNode = FALSE
	EndGlobalSection
EndGlobal
